# This file is automatically @generated by Poetry 1.4.2 and should not be changed by hand.

[[package]]
name = "click"
version = "8.1.3"
description = "Composable command line interface toolkit"
category = "main"
optional = false
python-versions = ">=3.7"
files = [
    {file = "click-8.1.3-py3-none-any.whl", hash = "sha256:bb4d8133cb15a609f44e8213d9b391b0809795062913b383c62be0ee95b1db48"},
    {file = "click-8.1.3.tar.gz", hash = "sha256:7682dc8afb30297001674575ea00d1814d808d6a36af415a82bd481d37ba7b8e"},
]

[package.dependencies]
colorama = {version = "*", markers = "platform_system == \"Windows\""}

[[package]]
name = "colorama"
version = "0.4.6"
description = "Cross-platform colored terminal text."
category = "main"
optional = false
python-versions = "!=3.0.*,!=3.1.*,!=3.2.*,!=3.3.*,!=3.4.*,!=3.5.*,!=3.6.*,>=2.7"
files = [
    {file = "colorama-0.4.6-py2.py3-none-any.whl", hash = "sha256:4f1d9991f5acc0ca119f9d443620b77f9d6b33703e51011c16baf57afb285fc6"},
    {file = "colorama-0.4.6.tar.gz", hash = "sha256:08695f5cb7ed6e0531a20572697297273c47b8cae5a63ffc6d6ed5c201be6e44"},
]

[[package]]
name = "cython"
version = "3.0.0b3"
description = "The Cython compiler for writing C extensions in the Python language."
category = "main"
optional = false
python-versions = ">=2.7, !=3.0.*, !=3.1.*, !=3.2.*, !=3.3.*"
files = [
    {file = "Cython-3.0.0b3-cp310-cp310-macosx_10_9_x86_64.whl", hash = "sha256:151791bedbfcf428b635514834ea509f5f2080f8151d74a7990a4b615bbfde7f"},
    {file = "Cython-3.0.0b3-cp310-cp310-manylinux_2_17_aarch64.manylinux2014_aarch64.whl", hash = "sha256:5daf6cae8a7563f4f6507c8e04c6a3b96ab04eb9ae43d14a66b6ba25180d877c"},
    {file = "Cython-3.0.0b3-cp310-cp310-manylinux_2_17_x86_64.manylinux2014_x86_64.whl", hash = "sha256:119888af46db63705b4de3b2a071526c044f22594b779edb45247f250555b317"},
    {file = "Cython-3.0.0b3-cp310-cp310-manylinux_2_5_i686.manylinux1_i686.manylinux_2_17_i686.manylinux2014_i686.whl", hash = "sha256:2c1f9164660178e772f537113ea5604e0370fb82b5fbc8a95a154c633974faf0"},
    {file = "Cython-3.0.0b3-cp310-cp310-musllinux_1_1_aarch64.whl", hash = "sha256:5b79df6a140ff07f9c72a86139af9d130a5acfb5aba6e92a1c6973f90ffae0ff"},
    {file = "Cython-3.0.0b3-cp310-cp310-musllinux_1_1_x86_64.whl", hash = "sha256:24a8c72302169bcb74d08c165929dac0d812a2cc163b8134e7ce685287a271df"},
    {file = "Cython-3.0.0b3-cp310-cp310-win32.whl", hash = "sha256:8d244f2eff2354dafe1103746e6d0a65482b5462244d77c13a42f8732843389f"},
    {file = "Cython-3.0.0b3-cp310-cp310-win_amd64.whl", hash = "sha256:b2398349ea3ebbf4a59ca723c2d1ef04c35536d5e42321012d31e12b8322dbbd"},
    {file = "Cython-3.0.0b3-cp311-cp311-macosx_10_9_x86_64.whl", hash = "sha256:7e3afa3fcff73b5e93be302f2434e967f624dba6c4eea19f45713121f50ff0f2"},
    {file = "Cython-3.0.0b3-cp311-cp311-manylinux_2_17_aarch64.manylinux2014_aarch64.whl", hash = "sha256:8c6e51c52ea0f1d8345ca0bda3b6ae718b09ab1b66e68f517d5b78524ccec4be"},
    {file = "Cython-3.0.0b3-cp311-cp311-manylinux_2_17_x86_64.manylinux2014_x86_64.whl", hash = "sha256:ae06a8577a6b170aa42bd3a43c72c62f85f93f1b341ff563d45555e966f0036b"},
    {file = "Cython-3.0.0b3-cp311-cp311-manylinux_2_5_i686.manylinux1_i686.manylinux_2_17_i686.manylinux2014_i686.whl", hash = "sha256:de88cdcdfc2613aa02b92ead87c3fba825172662a4fe6f40bc900d69aa854f9b"},
    {file = "Cython-3.0.0b3-cp311-cp311-musllinux_1_1_aarch64.whl", hash = "sha256:c93ac010818e3f81079d06900b803315c56042c4c706967898c1b807722153dd"},
    {file = "Cython-3.0.0b3-cp311-cp311-musllinux_1_1_x86_64.whl", hash = "sha256:65555dec7570afb9ecdf8825f066eae625fbc24fe82eb6b124ab0f67a9ec3e75"},
    {file = "Cython-3.0.0b3-cp311-cp311-win32.whl", hash = "sha256:9d97683b212df3fb9405d7fe4cca7e94bf45eb437076e442ea789217b3aee1c5"},
    {file = "Cython-3.0.0b3-cp311-cp311-win_amd64.whl", hash = "sha256:a63c2971459ba22d2190117c4953f138d119a1b55dec0a5d3f59dd01a098d5f4"},
    {file = "Cython-3.0.0b3-cp36-cp36m-macosx_10_9_x86_64.whl", hash = "sha256:97143712228cce6a1032efaf8777f17cbe6723c545ded466999c754cba796ab8"},
    {file = "Cython-3.0.0b3-cp36-cp36m-manylinux_2_17_aarch64.manylinux2014_aarch64.whl", hash = "sha256:2cb068aa842117b105355244efd711c35e6a45755bdd011382df8506ddd7afd2"},
    {file = "Cython-3.0.0b3-cp36-cp36m-manylinux_2_17_x86_64.manylinux2014_x86_64.whl", hash = "sha256:18c8d5143100b8f6c9e7a46dcafecf8351a0734b49c583922cf9967cdd69caae"},
    {file = "Cython-3.0.0b3-cp36-cp36m-manylinux_2_5_i686.manylinux1_i686.manylinux_2_17_i686.manylinux2014_i686.whl", hash = "sha256:d186292a02cb056a43277be632967bb06979d1b0d6252f8faaa6966eebc6ab59"},
    {file = "Cython-3.0.0b3-cp36-cp36m-musllinux_1_1_aarch64.whl", hash = "sha256:20345cdd37be31736b257354b18fefc555a32af54bbe05001591bd648b8c116a"},
    {file = "Cython-3.0.0b3-cp36-cp36m-musllinux_1_1_x86_64.whl", hash = "sha256:82edac5b7eabcfb4f2f3826c324caee2c9d60977df9be98c97229b48b52030ce"},
    {file = "Cython-3.0.0b3-cp36-cp36m-win32.whl", hash = "sha256:0a1204efdb05fe879ebefdda1fb406edf569609f54c6496844a9c2bddf7802a6"},
    {file = "Cython-3.0.0b3-cp36-cp36m-win_amd64.whl", hash = "sha256:643976cde99e4d01d8451a1d57e6c91d751d33167f77339eb0c50290d6770a42"},
    {file = "Cython-3.0.0b3-cp37-cp37m-macosx_10_9_x86_64.whl", hash = "sha256:dc35c7190b321a4b46d9014ae0423638afe311041762e6e2b4bbdd1848ed5de3"},
    {file = "Cython-3.0.0b3-cp37-cp37m-manylinux_2_17_aarch64.manylinux2014_aarch64.whl", hash = "sha256:c5d4c68f2b65bdbee810052cd3174987b85a7cad373e036b8222eb11165024c4"},
    {file = "Cython-3.0.0b3-cp37-cp37m-manylinux_2_17_x86_64.manylinux2014_x86_64.whl", hash = "sha256:a127376399a490f4ac344232cc20cc968a883c960f64694be995f4cb93067050"},
    {file = "Cython-3.0.0b3-cp37-cp37m-manylinux_2_5_i686.manylinux1_i686.manylinux_2_17_i686.manylinux2014_i686.whl", hash = "sha256:5d5824dbb632f8242a1b9978f69ef0842a5a8c3872493657b7138a41a2b91438"},
    {file = "Cython-3.0.0b3-cp37-cp37m-musllinux_1_1_aarch64.whl", hash = "sha256:5fb52a7f799dd115fbd0a5b423fd6ac3b326955cc395948cbfb5eef5b26206d1"},
    {file = "Cython-3.0.0b3-cp37-cp37m-musllinux_1_1_x86_64.whl", hash = "sha256:a46f9fe5872b43c0af4102f5483d8fe7642af7a45e4160c364f21b8b400ca984"},
    {file = "Cython-3.0.0b3-cp37-cp37m-win32.whl", hash = "sha256:c90dd3ce0168b7708b0b144e579331f0fe57ca16acd5284d4e004d53a7e8b0b9"},
    {file = "Cython-3.0.0b3-cp37-cp37m-win_amd64.whl", hash = "sha256:b713b1ce347bdab05ebd1620cc032518fed1d8f216eaef2fb03d3dd2baf45d2b"},
    {file = "Cython-3.0.0b3-cp38-cp38-macosx_10_9_x86_64.whl", hash = "sha256:6d64870ce535fe5ce3b86ca2a64b77f2c785ff310f6e89dedd2099d149add70d"},
    {file = "Cython-3.0.0b3-cp38-cp38-manylinux_2_17_aarch64.manylinux2014_aarch64.whl", hash = "sha256:2f1d099924df53ec62935849a1519941fc5866549ef07ff245b3a12cbf0d6901"},
    {file = "Cython-3.0.0b3-cp38-cp38-manylinux_2_17_x86_64.manylinux2014_x86_64.whl", hash = "sha256:4a39eacb0c97ca47352e17597b521dd00f6c0a4531231695c28077e7ed688a09"},
    {file = "Cython-3.0.0b3-cp38-cp38-manylinux_2_5_i686.manylinux1_i686.manylinux_2_17_i686.manylinux2014_i686.whl", hash = "sha256:e397ef3dce8c4f9242942ecd637745d8f0885c66ca4d4d76f0c9528fa08df304"},
    {file = "Cython-3.0.0b3-cp38-cp38-musllinux_1_1_aarch64.whl", hash = "sha256:7d6010aad5a48fe2b3236df06a2f15d8f311f0b3d4005f0aad3bcad257a662a2"},
    {file = "Cython-3.0.0b3-cp38-cp38-musllinux_1_1_x86_64.whl", hash = "sha256:fb03edf4bea52f70302868b647aad377197d6f211bed9ffc4b7477b0e19cd012"},
    {file = "Cython-3.0.0b3-cp38-cp38-win32.whl", hash = "sha256:5e32e22cd864e39a5fb290ddd50b569df35f1242fc7c2548d3562386ff2bfafd"},
    {file = "Cython-3.0.0b3-cp38-cp38-win_amd64.whl", hash = "sha256:f28f492284a43bfd8e790697ce0c91e30b3ee335357474df7a5844e286a64130"},
    {file = "Cython-3.0.0b3-cp39-cp39-macosx_10_9_x86_64.whl", hash = "sha256:a5e65653999912bcda7febf1b1c66ee1536e487e76b43c728cb8bd894a31e1d7"},
    {file = "Cython-3.0.0b3-cp39-cp39-manylinux_2_17_aarch64.manylinux2014_aarch64.whl", hash = "sha256:47818f78bcd7a691acda47ed150b75cb80236f06337cc91086e85308896359be"},
    {file = "Cython-3.0.0b3-cp39-cp39-manylinux_2_17_x86_64.manylinux2014_x86_64.whl", hash = "sha256:b12b678e865b75ca1bf7f176595d4a80f338782d6a0861fb40ad9a03734e2fc1"},
    {file = "Cython-3.0.0b3-cp39-cp39-manylinux_2_5_i686.manylinux1_i686.manylinux_2_17_i686.manylinux2014_i686.whl", hash = "sha256:ddc093626778819076f0c57ff110f0a2da3fde9decd13b4d6362952e2ef68855"},
    {file = "Cython-3.0.0b3-cp39-cp39-musllinux_1_1_aarch64.whl", hash = "sha256:8e48902b5d0c2431bea48e6374524778c79818ea20feb99ad479c6b226966559"},
    {file = "Cython-3.0.0b3-cp39-cp39-musllinux_1_1_x86_64.whl", hash = "sha256:857bdc64ac6e4a05806b50da8df0bfcac8ec295eb18c0dfc354aa82657a346f9"},
    {file = "Cython-3.0.0b3-cp39-cp39-win32.whl", hash = "sha256:894b2042fa70a386baed4990a2569249340c780cd0ea0bd36b9a9824fa375bee"},
    {file = "Cython-3.0.0b3-cp39-cp39-win_amd64.whl", hash = "sha256:18ab382ab0602d07f261d48269d0b93ed3d8daee625ce43ea7b064312df8988f"},
    {file = "Cython-3.0.0b3-py2.py3-none-any.whl", hash = "sha256:936dfbe682ceca857f1ef99f56e834badb49f213ae3343c413f94c370491239f"},
    {file = "Cython-3.0.0b3.tar.gz", hash = "sha256:af2625f47355416b559ce36a576bcc26e6b3e797e83978166734185c42ea6ddc"},
]

[[package]]
name = "markdown-it-py"
version = "2.2.0"
description = "Python port of markdown-it. Markdown parsing, done right!"
category = "main"
optional = false
python-versions = ">=3.7"
files = [
    {file = "markdown-it-py-2.2.0.tar.gz", hash = "sha256:7c9a5e412688bc771c67432cbfebcdd686c93ce6484913dccf06cb5a0bea35a1"},
    {file = "markdown_it_py-2.2.0-py3-none-any.whl", hash = "sha256:5a35f8d1870171d9acc47b99612dc146129b631baf04970128b568f190d0cc30"},
]

[package.dependencies]
mdurl = ">=0.1,<1.0"

[package.extras]
benchmarking = ["psutil", "pytest", "pytest-benchmark"]
code-style = ["pre-commit (>=3.0,<4.0)"]
compare = ["commonmark (>=0.9,<1.0)", "markdown (>=3.4,<4.0)", "mistletoe (>=1.0,<2.0)", "mistune (>=2.0,<3.0)", "panflute (>=2.3,<3.0)"]
linkify = ["linkify-it-py (>=1,<3)"]
plugins = ["mdit-py-plugins"]
profiling = ["gprof2dot"]
rtd = ["attrs", "myst-parser", "pyyaml", "sphinx", "sphinx-copybutton", "sphinx-design", "sphinx_book_theme"]
testing = ["coverage", "pytest", "pytest-cov", "pytest-regressions"]

[[package]]
name = "mdurl"
version = "0.1.2"
description = "Markdown URL utilities"
category = "main"
optional = false
python-versions = ">=3.7"
files = [
    {file = "mdurl-0.1.2-py3-none-any.whl", hash = "sha256:84008a41e51615a49fc9966191ff91509e3c40b939176e643fd50a5c2196b8f8"},
    {file = "mdurl-0.1.2.tar.gz", hash = "sha256:bb413d29f5eea38f31dd4754dd7377d4465116fb207585f97bf925588687c1ba"},
]

[[package]]
name = "pygments"
version = "2.15.1"
description = "Pygments is a syntax highlighting package written in Python."
category = "main"
optional = false
python-versions = ">=3.7"
files = [
    {file = "Pygments-2.15.1-py3-none-any.whl", hash = "sha256:db2db3deb4b4179f399a09054b023b6a586b76499d36965813c71aa8ed7b5fd1"},
    {file = "Pygments-2.15.1.tar.gz", hash = "sha256:8ace4d3c1dd481894b2005f560ead0f9f19ee64fe983366be1a21e171d12775c"},
]

[package.extras]
plugins = ["importlib-metadata"]

[[package]]
name = "rich"
version = "13.4.1"
description = "Render rich text, tables, progress bars, syntax highlighting, markdown and more to the terminal"
category = "main"
optional = false
python-versions = ">=3.7.0"
files = [
    {file = "rich-13.4.1-py3-none-any.whl", hash = "sha256:d204aadb50b936bf6b1a695385429d192bc1fdaf3e8b907e8e26f4c4e4b5bf75"},
    {file = "rich-13.4.1.tar.gz", hash = "sha256:76f6b65ea7e5c5d924ba80e322231d7cb5b5981aa60bfc1e694f1bc097fe6fe1"},
]

[package.dependencies]
markdown-it-py = ">=2.2.0,<3.0.0"
pygments = ">=2.13.0,<3.0.0"

[package.extras]
jupyter = ["ipywidgets (>=7.5.1,<9)"]

[[package]]
name = "typer"
version = "0.9.0"
description = "Typer, build great CLIs. Easy to code. Based on Python type hints."
category = "main"
optional = false
python-versions = ">=3.6"
files = [
    {file = "typer-0.9.0-py3-none-any.whl", hash = "sha256:5d96d986a21493606a358cae4461bd8cdf83cbf33a5aa950ae629ca3b51467ee"},
    {file = "typer-0.9.0.tar.gz", hash = "sha256:50922fd79aea2f4751a8e0408ff10d2662bd0c8bbfa84755a699f3bada2978b2"},
]

[package.dependencies]
click = ">=7.1.1,<9.0.0"
typing-extensions = ">=3.7.4.3"

[package.extras]
all = ["colorama (>=0.4.3,<0.5.0)", "rich (>=10.11.0,<14.0.0)", "shellingham (>=1.3.0,<2.0.0)"]
dev = ["autoflake (>=1.3.1,<2.0.0)", "flake8 (>=3.8.3,<4.0.0)", "pre-commit (>=2.17.0,<3.0.0)"]
doc = ["cairosvg (>=2.5.2,<3.0.0)", "mdx-include (>=1.4.1,<2.0.0)", "mkdocs (>=1.1.2,<2.0.0)", "mkdocs-material (>=8.1.4,<9.0.0)", "pillow (>=9.3.0,<10.0.0)"]
test = ["black (>=22.3.0,<23.0.0)", "coverage (>=6.2,<7.0)", "isort (>=5.0.6,<6.0.0)", "mypy (==0.910)", "pytest (>=4.4.0,<8.0.0)", "pytest-cov (>=2.10.0,<5.0.0)", "pytest-sugar (>=0.9.4,<0.10.0)", "pytest-xdist (>=1.32.0,<4.0.0)", "rich (>=10.11.0,<14.0.0)", "shellingham (>=1.3.0,<2.0.0)"]

[[package]]
name = "typing-extensions"
version = "4.6.3"
description = "Backported and Experimental Type Hints for Python 3.7+"
category = "main"
optional = false
python-versions = ">=3.7"
files = [
    {file = "typing_extensions-4.6.3-py3-none-any.whl", hash = "sha256:88a4153d8505aabbb4e13aacb7c486c2b4a33ca3b3f807914a9b4c844c471c26"},
    {file = "typing_extensions-4.6.3.tar.gz", hash = "sha256:d91d5919357fe7f681a9f2b5b4cb2a5f1ef0a1e9f59c4d8ff0d3491e05c0ffd5"},
]

[metadata]
lock-version = "2.0"
python-versions = "^3.11"
content-hash = "8c889b36c8017bb5427977c5134facb3c42d487753a1fb4e08dd46890b967a4d"
